Microsoft Visual Studio Solution File, Format Version 11.00
# Visual Studio 2008

Project("{50917AF1-FE87-8731-550E-5D2EA56DF6E0}") = "FistoJunior", "Assembly-CSharp.csproj", "{74A14153-1744-D870-DD56-6712BE580529}"
EndProject
Global
	GlobalSection(SolutionConfigurationPlatforms) = preSolution
		Debug|Any CPU = Debug|Any CPU
		Release|Any CPU = Release|Any CPU
	EndGlobalSection
	GlobalSection(ProjectConfigurationPlatforms) = postSolution
		{74A14153-1744-D870-DD56-6712BE580529}.Debug|Any CPU.ActiveCfg = Debug|Any CPU
		{74A14153-1744-D870-DD56-6712BE580529}.Debug|Any CPU.Build.0 = Debug|Any CPU
		{74A14153-1744-D870-DD56-6712BE580529}.Release|Any CPU.ActiveCfg = Release|Any CPU
		{74A14153-1744-D870-DD56-6712BE580529}.Release|Any CPU.Build.0 = Release|Any CPU
	EndGlobalSection
	GlobalSection(SolutionProperties) = preSolution
		HideSolutionNode = FALSE
	EndGlobalSection
	GlobalSection(MonoDevelopProperties) = preSolution
		StartupItem = Assembly-CSharp.csproj
	EndGlobalSection
EndGlobal
